// !$*UTF8*$!
{
	archiveVersion = 1;
	classes = {
	};
	objectVersion = 56;
	objects = {

/* Begin PBXBuildFile section */
		1307A9A62C6F6B77002A4694 /* AppDelegate.swift in Sources */ = {isa = PBXBuildFile; fileRef = 1307A9A52C6F6B77002A4694 /* AppDelegate.swift */; };
		1307A9A82C6F6B77002A4694 /* SceneDelegate.swift in Sources */ = {isa = PBXBuildFile; fileRef = 1307A9A72C6F6B77002A4694 /* SceneDelegate.swift */; };
		1307A9AA2C6F6B77002A4694 /* ViewController.swift in Sources */ = {isa = PBXBuildFile; fileRef = 1307A9A92C6F6B77002A4694 /* ViewController.swift */; };
		1307A9AD2C6F6B77002A4694 /* Base in Resources */ = {isa = PBXBuildFile; fileRef = 1307A9AC2C6F6B77002A4694 /* Base */; };
		1307A9AF2C6F6B78002A4694 /* Assets.xcassets in Resources */ = {isa = PBXBuildFile; fileRef = 1307A9AE2C6F6B78002A4694 /* Assets.xcassets */; };
		1307A9B22C6F6B78002A4694 /* Base in Resources */ = {isa = PBXBuildFile; fileRef = 1307A9B12C6F6B78002A4694 /* Base */; };
		1307A9BD2C6F6B78002A4694 /* Retirement_CalculatorTests.swift in Sources */ = {isa = PBXBuildFile; fileRef = 1307A9BC2C6F6B78002A4694 /* Retirement_CalculatorTests.swift */; };
		1307A9C72C6F6B78002A4694 /* Retirement_CalculatorUITests.swift in Sources */ = {isa = PBXBuildFile; fileRef = 1307A9C62C6F6B78002A4694 /* Retirement_CalculatorUITests.swift */; };
		1307A9C92C6F6B78002A4694 /* Retirement_CalculatorUITestsLaunchTests.swift in Sources */ = {isa = PBXBuildFile; fileRef = 1307A9C82C6F6B78002A4694 /* Retirement_CalculatorUITestsLaunchTests.swift */; };
		379335CF2F8FA5BF266193C0 /* Pods_Retirement_CalculatorTests.framework in Frameworks */ = {isa = PBXBuildFile; fileRef = 17DBF40E2426F79B05F660EB /* Pods_Retirement_CalculatorTests.framework */; };
		B63C5A1ECD1E90C3ECE7B58C /* Pods_Retirement_Calculator.framework in Frameworks */ = {isa = PBXBuildFile; fileRef = 34E24B30D7E2AE87F1D6332E /* Pods_Retirement_Calculator.framework */; };
		DD69195EB3359E5DDA305253 /* Pods_Retirement_Calculator_Retirement_CalculatorUITests.framework in Frameworks */ = {isa = PBXBuildFile; fileRef = 0231E150FA5EB900D93EDE63 /* Pods_Retirement_Calculator_Retirement_CalculatorUITests.framework */; };
/* End PBXBuildFile section */

/* Begin PBXContainerItemProxy section */
		1307A9B92C6F6B78002A4694 /* PBXContainerItemProxy */ = {
			isa = PBXContainerItemProxy;
			containerPortal = 1307A99A2C6F6B77002A4694 /* Project object */;
			proxyType = 1;
			remoteGlobalIDString = 1307A9A12C6F6B77002A4694;
			remoteInfo = "Retirement Calculator";
		};
		1307A9C32C6F6B78002A4694 /* PBXContainerItemProxy */ = {
			isa = PBXContainerItemProxy;
			containerPortal = 1307A99A2C6F6B77002A4694 /* Project object */;
			proxyType = 1;
			remoteGlobalIDString = 1307A9A12C6F6B77002A4694;
			remoteInfo = "Retirement Calculator";
		};
/* End PBXContainerItemProxy section */

/* Begin PBXFileReference section */
		0231E150FA5EB900D93EDE63 /* Pods_Retirement_Calculator_Retirement_CalculatorUITests.framework */ = {isa = PBXFileReference; explicitFileType = wrapper.framework; includeInIndex = 0; path = Pods_Retirement_Calculator_Retirement_CalculatorUITests.framework; sourceTree = BUILT_PRODUCTS_DIR; };
		1307A9A22C6F6B77002A4694 /* Retirement Calculator.app */ = {isa = PBXFileReference; explicitFileType = wrapper.application; includeInIndex = 0; path = "Retirement Calculator.app"; sourceTree = BUILT_PRODUCTS_DIR; };
		1307A9A52C6F6B77002A4694 /* AppDelegate.swift */ = {isa = PBXFileReference; lastKnownFileType = sourcecode.swift; path = AppDelegate.swift; sourceTree = "<group>"; };
		1307A9A72C6F6B77002A4694 /* SceneDelegate.swift */ = {isa = PBXFileReference; lastKnownFileType = sourcecode.swift; path = SceneDelegate.swift; sourceTree = "<group>"; };
		1307A9A92C6F6B77002A4694 /* ViewController.swift */ = {isa = PBXFileReference; lastKnownFileType = sourcecode.swift; path = ViewController.swift; sourceTree = "<group>"; };
		1307A9AC2C6F6B77002A4694 /* Base */ = {isa = PBXFileReference; lastKnownFileType = file.storyboard; name = Base; path = Base.lproj/Main.storyboard; sourceTree = "<group>"; };
		1307A9AE2C6F6B78002A4694 /* Assets.xcassets */ = {isa = PBXFileReference; lastKnownFileType = folder.assetcatalog; path = Assets.xcassets; sourceTree = "<group>"; };
		1307A9B12C6F6B78002A4694 /* Base */ = {isa = PBXFileReference; lastKnownFileType = file.storyboard; name = Base; path = Base.lproj/LaunchScreen.storyboard; sourceTree = "<group>"; };
		1307A9B32C6F6B78002A4694 /* Info.plist */ = {isa = PBXFileReference; lastKnownFileType = text.plist.xml; path = Info.plist; sourceTree = "<group>"; };
		1307A9B82C6F6B78002A4694 /* Retirement CalculatorTests.xctest */ = {isa = PBXFileReference; explicitFileType = wrapper.cfbundle; includeInIndex = 0; path = "Retirement CalculatorTests.xctest"; sourceTree = BUILT_PRODUCTS_DIR; };
		1307A9BC2C6F6B78002A4694 /* Retirement_CalculatorTests.swift */ = {isa = PBXFileReference; lastKnownFileType = sourcecode.swift; path = Retirement_CalculatorTests.swift; sourceTree = "<group>"; };
		1307A9C22C6F6B78002A4694 /* Retirement CalculatorUITests.xctest */ = {isa = PBXFileReference; explicitFileType = wrapper.cfbundle; includeInIndex = 0; path = "Retirement CalculatorUITests.xctest"; sourceTree = BUILT_PRODUCTS_DIR; };
		1307A9C62C6F6B78002A4694 /* Retirement_CalculatorUITests.swift */ = {isa = PBXFileReference; lastKnownFileType = sourcecode.swift; path = Retirement_CalculatorUITests.swift; sourceTree = "<group>"; };
		1307A9C82C6F6B78002A4694 /* Retirement_CalculatorUITestsLaunchTests.swift */ = {isa = PBXFileReference; lastKnownFileType = sourcecode.swift; path = Retirement_CalculatorUITestsLaunchTests.swift; sourceTree = "<group>"; };
		17DBF40E2426F79B05F660EB /* Pods_Retirement_CalculatorTests.framework */ = {isa = PBXFileReference; explicitFileType = wrapper.framework; includeInIndex = 0; path = Pods_Retirement_CalculatorTests.framework; sourceTree = BUILT_PRODUCTS_DIR; };
		31CF70A6BB59B9C2A94B53A0 /* Pods-Retirement Calculator-Retirement CalculatorUITests.release.xcconfig */ = {isa = PBXFileReference; includeInIndex = 1; lastKnownFileType = text.xcconfig; name = "Pods-Retirement Calculator-Retirement CalculatorUITests.release.xcconfig"; path = "Target Support Files/Pods-Retirement Calculator-Retirement CalculatorUITests/Pods-Retirement Calculator-Retirement CalculatorUITests.release.xcconfig"; sourceTree = "<group>"; };
		34C302144E89B606963B80FA /* Pods-Retirement Calculator.release.xcconfig */ = {isa = PBXFileReference; includeInIndex = 1; lastKnownFileType = text.xcconfig; name = "Pods-Retirement Calculator.release.xcconfig"; path = "Target Support Files/Pods-Retirement Calculator/Pods-Retirement Calculator.release.xcconfig"; sourceTree = "<group>"; };
		34E24B30D7E2AE87F1D6332E /* Pods_Retirement_Calculator.framework */ = {isa = PBXFileReference; explicitFileType = wrapper.framework; includeInIndex = 0; path = Pods_Retirement_Calculator.framework; sourceTree = BUILT_PRODUCTS_DIR; };
		8BD83603618308561A0B2100 /* Pods-Retirement CalculatorTests.release.xcconfig */ = {isa = PBXFileReference; includeInIndex = 1; lastKnownFileType = text.xcconfig; name = "Pods-Retirement CalculatorTests.release.xcconfig"; path = "Target Support Files/Pods-Retirement CalculatorTests/Pods-Retirement CalculatorTests.release.xcconfig"; sourceTree = "<group>"; };
		C5D171A0F22847C81F6C8A3B /* Pods-Retirement Calculator.debug.xcconfig */ = {isa = PBXFileReference; includeInIndex = 1; lastKnownFileType = text.xcconfig; name = "Pods-Retirement Calculator.debug.xcconfig"; path = "Target Support Files/Pods-Retirement Calculator/Pods-Retirement Calculator.debug.xcconfig"; sourceTree = "<group>"; };
		C998DF8D95A3E8738BC81790 /* Pods-Retirement Calculator-Retirement CalculatorUITests.debug.xcconfig */ = {isa = PBXFileReference; includeInIndex = 1; lastKnownFileType = text.xcconfig; name = "Pods-Retirement Calculator-Retirement CalculatorUITests.debug.xcconfig"; path = "Target Support Files/Pods-Retirement Calculator-Retirement CalculatorUITests/Pods-Retirement Calculator-Retirement CalculatorUITests.debug.xcconfig"; sourceTree = "<group>"; };
		EF0C9C0E8C408ECF11F8A488 /* Pods-Retirement CalculatorTests.debug.xcconfig */ = {isa = PBXFileReference; includeInIndex = 1; lastKnownFileType = text.xcconfig; name = "Pods-Retirement CalculatorTests.debug.xcconfig"; path = "Target Support Files/Pods-Retirement CalculatorTests/Pods-Retirement CalculatorTests.debug.xcconfig"; sourceTree = "<group>"; };
/* End PBXFileReference section */

/* Begin PBXFrameworksBuildPhase section */
		1307A99F2C6F6B77002A4694 /* Frameworks */ = {
			isa = PBXFrameworksBuildPhase;
			buildActionMask = 2147483647;
			files = (
				B63C5A1ECD1E90C3ECE7B58C /* Pods_Retirement_Calculator.framework in Frameworks */,
			);
			runOnlyForDeploymentPostprocessing = 0;
		};
		1307A9B52C6F6B78002A4694 /* Frameworks */ = {
			isa = PBXFrameworksBuildPhase;
			buildActionMask = 2147483647;
			files = (
				379335CF2F8FA5BF266193C0 /* Pods_Retirement_CalculatorTests.framework in Frameworks */,
			);
			runOnlyForDeploymentPostprocessing = 0;
		};
		1307A9BF2C6F6B78002A4694 /* Frameworks */ = {
			isa = PBXFrameworksBuildPhase;
			buildActionMask = 2147483647;
			files = (
				DD69195EB3359E5DDA305253 /* Pods_Retirement_Calculator_Retirement_CalculatorUITests.framework in Frameworks */,
			);
			runOnlyForDeploymentPostprocessing = 0;
		};
/* End PBXFrameworksBuildPhase section */

/* Begin PBXGroup section */
		1307A9992C6F6B77002A4694 = {
			isa = PBXGroup;
			children = (
				1307A9A42C6F6B77002A4694 /* Retirement Calculator */,
				1307A9BB2C6F6B78002A4694 /* Retirement CalculatorTests */,
				1307A9C52C6F6B78002A4694 /* Retirement CalculatorUITests */,
				1307A9A32C6F6B77002A4694 /* Products */,
				2094D0D1A10BDD1B94AB7F51 /* Pods */,
				EEF622DFEF9C2E2319746E16 /* Frameworks */,
			);
			sourceTree = "<group>";
		};
		1307A9A32C6F6B77002A4694 /* Products */ = {
			isa = PBXGroup;
			children = (
				1307A9A22C6F6B77002A4694 /* Retirement Calculator.app */,
				1307A9B82C6F6B78002A4694 /* Retirement CalculatorTests.xctest */,
				1307A9C22C6F6B78002A4694 /* Retirement CalculatorUITests.xctest */,
			);
			name = Products;
			sourceTree = "<group>";
		};
		1307A9A42C6F6B77002A4694 /* Retirement Calculator */ = {
			isa = PBXGroup;
			children = (
				1307A9A52C6F6B77002A4694 /* AppDelegate.swift */,
				1307A9A72C6F6B77002A4694 /* SceneDelegate.swift */,
				1307A9A92C6F6B77002A4694 /* ViewController.swift */,
				1307A9AB2C6F6B77002A4694 /* Main.storyboard */,
				1307A9AE2C6F6B78002A4694 /* Assets.xcassets */,
				1307A9B02C6F6B78002A4694 /* LaunchScreen.storyboard */,
				1307A9B32C6F6B78002A4694 /* Info.plist */,
			);
			path = "Retirement Calculator";
			sourceTree = "<group>";
		};
		1307A9BB2C6F6B78002A4694 /* Retirement CalculatorTests */ = {
			isa = PBXGroup;
			children = (
				1307A9BC2C6F6B78002A4694 /* Retirement_CalculatorTests.swift */,
			);
			path = "Retirement CalculatorTests";
			sourceTree = "<group>";
		};
		1307A9C52C6F6B78002A4694 /* Retirement CalculatorUITests */ = {
			isa = PBXGroup;
			children = (
				1307A9C62C6F6B78002A4694 /* Retirement_CalculatorUITests.swift */,
				1307A9C82C6F6B78002A4694 /* Retirement_CalculatorUITestsLaunchTests.swift */,
			);
			path = "Retirement CalculatorUITests";
			sourceTree = "<group>";
		};
		2094D0D1A10BDD1B94AB7F51 /* Pods */ = {
			isa = PBXGroup;
			children = (
				C5D171A0F22847C81F6C8A3B /* Pods-Retirement Calculator.debug.xcconfig */,
				34C302144E89B606963B80FA /* Pods-Retirement Calculator.release.xcconfig */,
				C998DF8D95A3E8738BC81790 /* Pods-Retirement Calculator-Retirement CalculatorUITests.debug.xcconfig */,
				31CF70A6BB59B9C2A94B53A0 /* Pods-Retirement Calculator-Retirement CalculatorUITests.release.xcconfig */,
				EF0C9C0E8C408ECF11F8A488 /* Pods-Retirement CalculatorTests.debug.xcconfig */,
				8BD83603618308561A0B2100 /* Pods-Retirement CalculatorTests.release.xcconfig */,
			);
			name = Pods;
			path = Pods;
			sourceTree = "<group>";
		};
		EEF622DFEF9C2E2319746E16 /* Frameworks */ = {
			isa = PBXGroup;
			children = (
				34E24B30D7E2AE87F1D6332E /* Pods_Retirement_Calculator.framework */,
				0231E150FA5EB900D93EDE63 /* Pods_Retirement_Calculator_Retirement_CalculatorUITests.framework */,
				17DBF40E2426F79B05F660EB /* Pods_Retirement_CalculatorTests.framework */,
			);
			name = Frameworks;
			sourceTree = "<group>";
		};
/* End PBXGroup section */

/* Begin PBXNativeTarget section */
		1307A9A12C6F6B77002A4694 /* Retirement Calculator */ = {
			isa = PBXNativeTarget;
			buildConfigurationList = 1307A9CC2C6F6B78002A4694 /* Build configuration list for PBXNativeTarget "Retirement Calculator" */;
			buildPhases = (
				45591543B1A1BF1C9EA85274 /* [CP] Check Pods Manifest.lock */,
				1307A99E2C6F6B77002A4694 /* Sources */,
				1307A99F2C6F6B77002A4694 /* Frameworks */,
				1307A9A02C6F6B77002A4694 /* Resources */,
				F95C1EC92C823E6BFA034026 /* [CP] Copy Pods Resources */,
			);
			buildRules = (
			);
			dependencies = (
			);
			name = "Retirement Calculator";
			productName = "Retirement Calculator";
			productReference = 1307A9A22C6F6B77002A4694 /* Retirement Calculator.app */;
			productType = "com.apple.product-type.application";
		};
		1307A9B72C6F6B78002A4694 /* Retirement CalculatorTests */ = {
			isa = PBXNativeTarget;
			buildConfigurationList = 1307A9CF2C6F6B78002A4694 /* Build configuration list for PBXNativeTarget "Retirement CalculatorTests" */;
			buildPhases = (
				A5BE48FED898C4D75880C54F /* [CP] Check Pods Manifest.lock */,
				1307A9B42C6F6B78002A4694 /* Sources */,
				1307A9B52C6F6B78002A4694 /* Frameworks */,
				1307A9B62C6F6B78002A4694 /* Resources */,
			);
			buildRules = (
			);
			dependencies = (
				1307A9BA2C6F6B78002A4694 /* PBXTargetDependency */,
			);
			name = "Retirement CalculatorTests";
			productName = "Retirement CalculatorTests";
			productReference = 1307A9B82C6F6B78002A4694 /* Retirement CalculatorTests.xctest */;
			productType = "com.apple.product-type.bundle.unit-test";
		};
		1307A9C12C6F6B78002A4694 /* Retirement CalculatorUITests */ = {
			isa = PBXNativeTarget;
			buildConfigurationList = 1307A9D22C6F6B78002A4694 /* Build configuration list for PBXNativeTarget "Retirement CalculatorUITests" */;
			buildPhases = (
				799047C0B4DED09ABB38A8BE /* [CP] Check Pods Manifest.lock */,
				1307A9BE2C6F6B78002A4694 /* Sources */,
				1307A9BF2C6F6B78002A4694 /* Frameworks */,
				1307A9C02C6F6B78002A4694 /* Resources */,
				270D89FA2D31F43BE922A95E /* [CP] Copy Pods Resources */,
			);
			buildRules = (
			);
			dependencies = (
				1307A9C42C6F6B78002A4694 /* PBXTargetDependency */,
			);
			name = "Retirement CalculatorUITests";
			productName = "Retirement CalculatorUITests";
			productReference = 1307A9C22C6F6B78002A4694 /* Retirement CalculatorUITests.xctest */;
			productType = "com.apple.product-type.bundle.ui-testing";
		};
/* End PBXNativeTarget section */

/* Begin PBXProject section */
		1307A99A2C6F6B77002A4694 /* Project object */ = {
			isa = PBXProject;
			attributes = {
				BuildIndependentTargetsInParallel = 1;
				LastSwiftUpdateCheck = 1540;
				LastUpgradeCheck = 1540;
				TargetAttributes = {
					1307A9A12C6F6B77002A4694 = {
						CreatedOnToolsVersion = 15.4;
					};
					1307A9B72C6F6B78002A4694 = {
						CreatedOnToolsVersion = 15.4;
						TestTargetID = 1307A9A12C6F6B77002A4694;
					};
					1307A9C12C6F6B78002A4694 = {
						CreatedOnToolsVersion = 15.4;
						TestTargetID = 1307A9A12C6F6B77002A4694;
					};
				};
			};
			buildConfigurationList = 1307A99D2C6F6B77002A4694 /* Build configuration list for PBXProject "Retirement Calculator" */;
			compatibilityVersion = "Xcode 14.0";
			developmentRegion = en;
			hasScannedForEncodings = 0;
			knownRegions = (
				en,
				Base,
			);
			mainGroup = 1307A9992C6F6B77002A4694;
			productRefGroup = 1307A9A32C6F6B77002A4694 /* Products */;
			projectDirPath = "";
			projectRoot = "";
			targets = (
				1307A9A12C6F6B77002A4694 /* Retirement Calculator */,
				1307A9B72C6F6B78002A4694 /* Retirement CalculatorTests */,
				1307A9C12C6F6B78002A4694 /* Retirement CalculatorUITests */,
			);
		};
/* End PBXProject section */

/* Begin PBXResourcesBuildPhase section */
		1307A9A02C6F6B77002A4694 /* Resources */ = {
			isa = PBXResourcesBuildPhase;
			buildActionMask = 2147483647;
			files = (
				1307A9AF2C6F6B78002A4694 /* Assets.xcassets in Resources */,
				1307A9B22C6F6B78002A4694 /* Base in Resources */,
				1307A9AD2C6F6B77002A4694 /* Base in Resources */,
			);
			runOnlyForDeploymentPostprocessing = 0;
		};
		1307A9B62C6F6B78002A4694 /* Resources */ = {
			isa = PBXResourcesBuildPhase;
			buildActionMask = 2147483647;
			files = (
			);
			runOnlyForDeploymentPostprocessing = 0;
		};
		1307A9C02C6F6B78002A4694 /* Resources */ = {
			isa = PBXResourcesBuildPhase;
			buildActionMask = 2147483647;
			files = (
			);
			runOnlyForDeploymentPostprocessing = 0;
		};
/* End PBXResourcesBuildPhase section */

/* Begin PBXShellScriptBuildPhase section */
		270D89FA2D31F43BE922A95E /* [CP] Copy Pods Resources */ = {
			isa = PBXShellScriptBuildPhase;
			buildActionMask = 2147483647;
			files = (
			);
			inputFileListPaths = (
				"${PODS_ROOT}/Target Support Files/Pods-Retirement Calculator-Retirement CalculatorUITests/Pods-Retirement Calculator-Retirement CalculatorUITests-resources-${CONFIGURATION}-input-files.xcfilelist",
			);
			name = "[CP] Copy Pods Resources";
			outputFileListPaths = (
				"${PODS_ROOT}/Target Support Files/Pods-Retirement Calculator-Retirement CalculatorUITests/Pods-Retirement Calculator-Retirement CalculatorUITests-resources-${CONFIGURATION}-output-files.xcfilelist",
			);
			runOnlyForDeploymentPostprocessing = 0;
			shellPath = /bin/sh;
			shellScript = "\"${PODS_ROOT}/Target Support Files/Pods-Retirement Calculator-Retirement CalculatorUITests/Pods-Retirement Calculator-Retirement CalculatorUITests-resources.sh\"\n";
			showEnvVarsInLog = 0;
		};
		45591543B1A1BF1C9EA85274 /* [CP] Check Pods Manifest.lock */ = {
			isa = PBXShellScriptBuildPhase;
			buildActionMask = 2147483647;
			files = (
			);
			inputFileListPaths = (
			);
			inputPaths = (
				"${PODS_PODFILE_DIR_PATH}/Podfile.lock",
				"${PODS_ROOT}/Manifest.lock",
			);
			name = "[CP] Check Pods Manifest.lock";
			outputFileListPaths = (
			);
			outputPaths = (
				"$(DERIVED_FILE_DIR)/Pods-Retirement Calculator-checkManifestLockResult.txt",
			);
			runOnlyForDeploymentPostprocessing = 0;
			shellPath = /bin/sh;
			shellScript = "diff \"${PODS_PODFILE_DIR_PATH}/Podfile.lock\" \"${PODS_ROOT}/Manifest.lock\" > /dev/null\nif [ $? != 0 ] ; then\n    # print error to STDERR\n    echo \"error: The sandbox is not in sync with the Podfile.lock. Run 'pod install' or update your CocoaPods installation.\" >&2\n    exit 1\nfi\n# This output is used by Xcode 'outputs' to avoid re-running this script phase.\necho \"SUCCESS\" > \"${SCRIPT_OUTPUT_FILE_0}\"\n";
			showEnvVarsInLog = 0;
		};
		799047C0B4DED09ABB38A8BE /* [CP] Check Pods Manifest.lock */ = {
			isa = PBXShellScriptBuildPhase;
			buildActionMask = 2147483647;
			files = (
			);
			inputFileListPaths = (
			);
			inputPaths = (
				"${PODS_PODFILE_DIR_PATH}/Podfile.lock",
				"${PODS_ROOT}/Manifest.lock",
			);
			name = "[CP] Check Pods Manifest.lock";
			outputFileListPaths = (
			);
			outputPaths = (
				"$(DERIVED_FILE_DIR)/Pods-Retirement Calculator-Retirement CalculatorUITests-checkManifestLockResult.txt",
			);
			runOnlyForDeploymentPostprocessing = 0;
			shellPath = /bin/sh;
			shellScript = "diff \"${PODS_PODFILE_DIR_PATH}/Podfile.lock\" \"${PODS_ROOT}/Manifest.lock\" > /dev/null\nif [ $? != 0 ] ; then\n    # print error to STDERR\n    echo \"error: The sandbox is not in sync with the Podfile.lock. Run 'pod install' or update your CocoaPods installation.\" >&2\n    exit 1\nfi\n# This output is used by Xcode 'outputs' to avoid re-running this script phase.\necho \"SUCCESS\" > \"${SCRIPT_OUTPUT_FILE_0}\"\n";
			showEnvVarsInLog = 0;
		};
		A5BE48FED898C4D75880C54F /* [CP] Check Pods Manifest.lock */ = {
			isa = PBXShellScriptBuildPhase;
			buildActionMask = 2147483647;
			files = (
			);
			inputFileListPaths = (
			);
			inputPaths = (
				"${PODS_PODFILE_DIR_PATH}/Podfile.lock",
				"${PODS_ROOT}/Manifest.lock",
			);
			name = "[CP] Check Pods Manifest.lock";
			outputFileListPaths = (
			);
			outputPaths = (
				"$(DERIVED_FILE_DIR)/Pods-Retirement CalculatorTests-checkManifestLockResult.txt",
			);
			runOnlyForDeploymentPostprocessing = 0;
			shellPath = /bin/sh;
			shellScript = "diff \"${PODS_PODFILE_DIR_PATH}/Podfile.lock\" \"${PODS_ROOT}/Manifest.lock\" > /dev/null\nif [ $? != 0 ] ; then\n    # print error to STDERR\n    echo \"error: The sandbox is not in sync with the Podfile.lock. Run 'pod install' or update your CocoaPods installation.\" >&2\n    exit 1\nfi\n# This output is used by Xcode 'outputs' to avoid re-running this script phase.\necho \"SUCCESS\" > \"${SCRIPT_OUTPUT_FILE_0}\"\n";
			showEnvVarsInLog = 0;
		};
		F95C1EC92C823E6BFA034026 /* [CP] Copy Pods Resources */ = {
			isa = PBXShellScriptBuildPhase;
			buildActionMask = 2147483647;
			files = (
			);
			inputFileListPaths = (
				"${PODS_ROOT}/Target Support Files/Pods-Retirement Calculator/Pods-Retirement Calculator-resources-${CONFIGURATION}-input-files.xcfilelist",
			);
			name = "[CP] Copy Pods Resources";
			outputFileListPaths = (
				"${PODS_ROOT}/Target Support Files/Pods-Retirement Calculator/Pods-Retirement Calculator-resources-${CONFIGURATION}-output-files.xcfilelist",
			);
			runOnlyForDeploymentPostprocessing = 0;
			shellPath = /bin/sh;
			shellScript = "\"${PODS_ROOT}/Target Support Files/Pods-Retirement Calculator/Pods-Retirement Calculator-resources.sh\"\n";
			showEnvVarsInLog = 0;
		};
/* End PBXShellScriptBuildPhase section */

/* Begin PBXSourcesBuildPhase section */
		1307A99E2C6F6B77002A4694 /* Sources */ = {
			isa = PBXSourcesBuildPhase;
			buildActionMask = 2147483647;
			files = (
				1307A9AA2C6F6B77002A4694 /* ViewController.swift in Sources */,
				1307A9A62C6F6B77002A4694 /* AppDelegate.swift in Sources */,
				1307A9A82C6F6B77002A4694 /* SceneDelegate.swift in Sources */,
			);
			runOnlyForDeploymentPostprocessing = 0;
		};
		1307A9B42C6F6B78002A4694 /* Sources */ = {
			isa = PBXSourcesBuildPhase;
			buildActionMask = 2147483647;
			files = (
				1307A9BD2C6F6B78002A4694 /* Retirement_CalculatorTests.swift in Sources */,
			);
			runOnlyForDeploymentPostprocessing = 0;
		};
		1307A9BE2C6F6B78002A4694 /* Sources */ = {
			isa = PBXSourcesBuildPhase;
			buildActionMask = 2147483647;
			files = (
				1307A9C72C6F6B78002A4694 /* Retirement_CalculatorUITests.swift in Sources */,
				1307A9C92C6F6B78002A4694 /* Retirement_CalculatorUITestsLaunchTests.swift in Sources */,
			);
			runOnlyForDeploymentPostprocessing = 0;
		};
/* End PBXSourcesBuildPhase section */

/* Begin PBXTargetDependency section */
		1307A9BA2C6F6B78002A4694 /* PBXTargetDependency */ = {
			isa = PBXTargetDependency;
			target = 1307A9A12C6F6B77002A4694 /* Retirement Calculator */;
			targetProxy = 1307A9B92C6F6B78002A4694 /* PBXContainerItemProxy */;
		};
		1307A9C42C6F6B78002A4694 /* PBXTargetDependency */ = {
			isa = PBXTargetDependency;
			target = 1307A9A12C6F6B77002A4694 /* Retirement Calculator */;
			targetProxy = 1307A9C32C6F6B78002A4694 /* PBXContainerItemProxy */;
		};
/* End PBXTargetDependency section */

/* Begin PBXVariantGroup section */
		1307A9AB2C6F6B77002A4694 /* Main.storyboard */ = {
			isa = PBXVariantGroup;
			children = (
				1307A9AC2C6F6B77002A4694 /* Base */,
			);
			name = Main.storyboard;
			sourceTree = "<group>";
		};
		1307A9B02C6F6B78002A4694 /* LaunchScreen.storyboard */ = {
			isa = PBXVariantGroup;
			children = (
				1307A9B12C6F6B78002A4694 /* Base */,
			);
			name = LaunchScreen.storyboard;
			sourceTree = "<group>";
		};
/* End PBXVariantGroup section */

/* Begin XCBuildConfiguration section */
		1307A9CA2C6F6B78002A4694 /* Debug */ = {
			isa = XCBuildConfiguration;
			buildSettings = {
				ALWAYS_SEARCH_USER_PATHS = NO;
				ASSETCATALOG_COMPILER_GENERATE_SWIFT_ASSET_SYMBOL_EXTENSIONS = YES;
				CLANG_ANALYZER_NONNULL = YES;
				CLANG_ANALYZER_NUMBER_OBJECT_CONVERSION = YES_AGGRESSIVE;
				CLANG_CXX_LANGUAGE_STANDARD = "gnu++20";
				CLANG_ENABLE_MODULES = YES;
				CLANG_ENABLE_OBJC_ARC = YES;
				CLANG_ENABLE_OBJC_WEAK = YES;
				CLANG_WARN_BLOCK_CAPTURE_AUTORELEASING = YES;
				CLANG_WARN_BOOL_CONVERSION = YES;
				CLANG_WARN_COMMA = YES;
				CLANG_WARN_CONSTANT_CONVERSION = YES;
				CLANG_WARN_DEPRECATED_OBJC_IMPLEMENTATIONS = YES;
				CLANG_WARN_DIRECT_OBJC_ISA_USAGE = YES_ERROR;
				CLANG_WARN_DOCUMENTATION_COMMENTS = YES;
				CLANG_WARN_EMPTY_BODY = YES;
				CLANG_WARN_ENUM_CONVERSION = YES;
				CLANG_WARN_INFINITE_RECURSION = YES;
				CLANG_WARN_INT_CONVERSION = YES;
				CLANG_WARN_NON_LITERAL_NULL_CONVERSION = YES;
				CLANG_WARN_OBJC_IMPLICIT_RETAIN_SELF = YES;
				CLANG_WARN_OBJC_LITERAL_CONVERSION = YES;
				CLANG_WARN_OBJC_ROOT_CLASS = YES_ERROR;
				CLANG_WARN_QUOTED_INCLUDE_IN_FRAMEWORK_HEADER = YES;
				CLANG_WARN_RANGE_LOOP_ANALYSIS = YES;
				CLANG_WARN_STRICT_PROTOTYPES = YES;
				CLANG_WARN_SUSPICIOUS_MOVE = YES;
				CLANG_WARN_UNGUARDED_AVAILABILITY = YES_AGGRESSIVE;
				CLANG_WARN_UNREACHABLE_CODE = YES;
				CLANG_WARN__DUPLICATE_METHOD_MATCH = YES;
				COPY_PHASE_STRIP = NO;
				DEBUG_INFORMATION_FORMAT = dwarf;
				ENABLE_STRICT_OBJC_MSGSEND = YES;
				ENABLE_TESTABILITY = YES;
				ENABLE_USER_SCRIPT_SANDBOXING = YES;
				GCC_C_LANGUAGE_STANDARD = gnu17;
				GCC_DYNAMIC_NO_PIC = NO;
				GCC_NO_COMMON_BLOCKS = YES;
				GCC_OPTIMIZATION_LEVEL = 0;
				GCC_PREPROCESSOR_DEFINITIONS = (
					"DEBUG=1",
					"$(inherited)",
				);
				GCC_WARN_64_TO_32_BIT_CONVERSION = YES;
				GCC_WARN_ABOUT_RETURN_TYPE = YES_ERROR;
				GCC_WARN_UNDECLARED_SELECTOR = YES;
				GCC_WARN_UNINITIALIZED_AUTOS = YES_AGGRESSIVE;
				GCC_WARN_UNUSED_FUNCTION = YES;
				GCC_WARN_UNUSED_VARIABLE = YES;
				IPHONEOS_DEPLOYMENT_TARGET = 17.5;
				LOCALIZATION_PREFERS_STRING_CATALOGS = YES;
				MTL_ENABLE_DEBUG_INFO = INCLUDE_SOURCE;
				MTL_FAST_MATH = YES;
				ONLY_ACTIVE_ARCH = YES;
				SDKROOT = iphoneos;
				SWIFT_ACTIVE_COMPILATION_CONDITIONS = "DEBUG $(inherited)";
				SWIFT_OPTIMIZATION_LEVEL = "-Onone";
			};
			name = Debug;
		};
		1307A9CB2C6F6B78002A4694 /* Release */ = {
			isa = XCBuildConfiguration;
			buildSettings = {
				ALWAYS_SEARCH_USER_PATHS = NO;
				ASSETCATALOG_COMPILER_GENERATE_SWIFT_ASSET_SYMBOL_EXTENSIONS = YES;
				CLANG_ANALYZER_NONNULL = YES;
				CLANG_ANALYZER_NUMBER_OBJECT_CONVERSION = YES_AGGRESSIVE;
				CLANG_CXX_LANGUAGE_STANDARD = "gnu++20";
				CLANG_ENABLE_MODULES = YES;
				CLANG_ENABLE_OBJC_ARC = YES;
				CLANG_ENABLE_OBJC_WEAK = YES;
				CLANG_WARN_BLOCK_CAPTURE_AUTORELEASING = YES;
				CLANG_WARN_BOOL_CONVERSION = YES;
				CLANG_WARN_COMMA = YES;
				CLANG_WARN_CONSTANT_CONVERSION = YES;
				CLANG_WARN_DEPRECATED_OBJC_IMPLEMENTATIONS = YES;
				CLANG_WARN_DIRECT_OBJC_ISA_USAGE = YES_ERROR;
				CLANG_WARN_DOCUMENTATION_COMMENTS = YES;
				CLANG_WARN_EMPTY_BODY = YES;
				CLANG_WARN_ENUM_CONVERSION = YES;
				CLANG_WARN_INFINITE_RECURSION = YES;
				CLANG_WARN_INT_CONVERSION = YES;
				CLANG_WARN_NON_LITERAL_NULL_CONVERSION = YES;
				CLANG_WARN_OBJC_IMPLICIT_RETAIN_SELF = YES;
				CLANG_WARN_OBJC_LITERAL_CONVERSION = YES;
				CLANG_WARN_OBJC_ROOT_CLASS = YES_ERROR;
				CLANG_WARN_QUOTED_INCLUDE_IN_FRAMEWORK_HEADER = YES;
				CLANG_WARN_RANGE_LOOP_ANALYSIS = YES;
				CLANG_WARN_STRICT_PROTOTYPES = YES;
				CLANG_WARN_SUSPICIOUS_MOVE = YES;
				CLANG_WARN_UNGUARDED_AVAILABILITY = YES_AGGRESSIVE;
				CLANG_WARN_UNREACHABLE_CODE = YES;
				CLANG_WARN__DUPLICATE_METHOD_MATCH = YES;
				COPY_PHASE_STRIP = NO;
				DEBUG_INFORMATION_FORMAT = "dwarf-with-dsym";
				ENABLE_NS_ASSERTIONS = NO;
				ENABLE_STRICT_OBJC_MSGSEND = YES;
				ENABLE_USER_SCRIPT_SANDBOXING = YES;
				GCC_C_LANGUAGE_STANDARD = gnu17;
				GCC_NO_COMMON_BLOCKS = YES;
				GCC_WARN_64_TO_32_BIT_CONVERSION = YES;
				GCC_WARN_ABOUT_RETURN_TYPE = YES_ERROR;
				GCC_WARN_UNDECLARED_SELECTOR = YES;
				GCC_WARN_UNINITIALIZED_AUTOS = YES_AGGRESSIVE;
				GCC_WARN_UNUSED_FUNCTION = YES;
				GCC_WARN_UNUSED_VARIABLE = YES;
				IPHONEOS_DEPLOYMENT_TARGET = 17.5;
				LOCALIZATION_PREFERS_STRING_CATALOGS = YES;
				MTL_ENABLE_DEBUG_INFO = NO;
				MTL_FAST_MATH = YES;
				SDKROOT = iphoneos;
				SWIFT_COMPILATION_MODE = wholemodule;
				VALIDATE_PRODUCT = YES;
			};
			name = Release;
		};
		1307A9CD2C6F6B78002A4694 /* Debug */ = {
			isa = XCBuildConfiguration;
			baseConfigurationReference = C5D171A0F22847C81F6C8A3B /* Pods-Retirement Calculator.debug.xcconfig */;
			buildSettings = {
				ASSETCATALOG_COMPILER_APPICON_NAME = AppIcon;
				ASSETCATALOG_COMPILER_GLOBAL_ACCENT_COLOR_NAME = AccentColor;
				CODE_SIGN_STYLE = Automatic;
				CURRENT_PROJECT_VERSION = 1;
				GENERATE_INFOPLIST_FILE = YES;
				INFOPLIST_FILE = "Retirement Calculator/Info.plist";
				INFOPLIST_KEY_UIApplicationSupportsIndirectInputEvents = YES;
				INFOPLIST_KEY_UILaunchStoryboardName = LaunchScreen;
				INFOPLIST_KEY_UIMainStoryboardFile = Main;
				INFOPLIST_KEY_UISupportedInterfaceOrientations_iPad = "UIInterfaceOrientationPortrait UIInterfaceOrientationPortraitUpsideDown UIInterfaceOrientationLandscapeLeft UIInterfaceOrientationLandscapeRight";
				INFOPLIST_KEY_UISupportedInterfaceOrientations_iPhone = "UIInterfaceOrientationPortrait UIInterfaceOrientationLandscapeLeft UIInterfaceOrientationLandscapeRight";
				LD_RUNPATH_SEARCH_PATHS = (
					"$(inherited)",
					"@executable_path/Frameworks",
				);
				MARKETING_VERSION = 1.0;
				PRODUCT_BUNDLE_IDENTIFIER = "com.learning.Retirement-Calculator";
				PRODUCT_NAME = "$(TARGET_NAME)";
				SWIFT_EMIT_LOC_STRINGS = YES;
				SWIFT_VERSION = 5.0;
				TARGETED_DEVICE_FAMILY = "1,2";
			};
			name = Debug;
		};
		1307A9CE2C6F6B78002A4694 /* Release */ = {
			isa = XCBuildConfiguration;
			baseConfigurationReference = 34C302144E89B606963B80FA /* Pods-Retirement Calculator.release.xcconfig */;
			buildSettings = {
				ASSETCATALOG_COMPILER_APPICON_NAME = AppIcon;
				ASSETCATALOG_COMPILER_GLOBAL_ACCENT_COLOR_NAME = AccentColor;
				CODE_SIGN_STYLE = Automatic;
				CURRENT_PROJECT_VERSION = 1;
				GENERATE_INFOPLIST_FILE = YES;
				INFOPLIST_FILE = "Retirement Calculator/Info.plist";
				INFOPLIST_KEY_UIApplicationSupportsIndirectInputEvents = YES;
				INFOPLIST_KEY_UILaunchStoryboardName = LaunchScreen;
				INFOPLIST_KEY_UIMainStoryboardFile = Main;
				INFOPLIST_KEY_UISupportedInterfaceOrientations_iPad = "UIInterfaceOrientationPortrait UIInterfaceOrientationPortraitUpsideDown UIInterfaceOrientationLandscapeLeft UIInterfaceOrientationLandscapeRight";
				INFOPLIST_KEY_UISupportedInterfaceOrientations_iPhone = "UIInterfaceOrientationPortrait UIInterfaceOrientationLandscapeLeft UIInterfaceOrientationLandscapeRight";
				LD_RUNPATH_SEARCH_PATHS = (
					"$(inherited)",
					"@executable_path/Frameworks",
				);
				MARKETING_VERSION = 1.0;
				PRODUCT_BUNDLE_IDENTIFIER = "com.learning.Retirement-Calculator";
				PRODUCT_NAME = "$(TARGET_NAME)";
				SWIFT_EMIT_LOC_STRINGS = YES;
				SWIFT_VERSION = 5.0;
				TARGETED_DEVICE_FAMILY = "1,2";
			};
			name = Release;
		};
		1307A9D02C6F6B78002A4694 /* Debug */ = {
			isa = XCBuildConfiguration;
			baseConfigurationReference = EF0C9C0E8C408ECF11F8A488 /* Pods-Retirement CalculatorTests.debug.xcconfig */;
			buildSettings = {
				ALWAYS_EMBED_SWIFT_STANDARD_LIBRARIES = YES;
				BUNDLE_LOADER = "$(TEST_HOST)";
				CODE_SIGN_STYLE = Automatic;
				CURRENT_PROJECT_VERSION = 1;
				GENERATE_INFOPLIST_FILE = YES;
				IPHONEOS_DEPLOYMENT_TARGET = 17.5;
				MARKETING_VERSION = 1.0;
				PRODUCT_BUNDLE_IDENTIFIER = "com.learning.Retirement-CalculatorTests";
				PRODUCT_NAME = "$(TARGET_NAME)";
				SWIFT_EMIT_LOC_STRINGS = NO;
				SWIFT_VERSION = 5.0;
				TARGETED_DEVICE_FAMILY = "1,2";
				TEST_HOST = "$(BUILT_PRODUCTS_DIR)/Retirement Calculator.app/$(BUNDLE_EXECUTABLE_FOLDER_PATH)/Retirement Calculator";
			};
			name = Debug;
		};
		1307A9D12C6F6B78002A4694 /* Release */ = {
			isa = XCBuildConfiguration;
			baseConfigurationReference = 8BD83603618308561A0B2100 /* Pods-Retirement CalculatorTests.release.xcconfig */;
			buildSettings = {
				ALWAYS_EMBED_SWIFT_STANDARD_LIBRARIES = YES;
				BUNDLE_LOADER = "$(TEST_HOST)";
				CODE_SIGN_STYLE = Automatic;
				CURRENT_PROJECT_VERSION = 1;
				GENERATE_INFOPLIST_FILE = YES;
				IPHONEOS_DEPLOYMENT_TARGET = 17.5;
				MARKETING_VERSION = 1.0;
				PRODUCT_BUNDLE_IDENTIFIER = "com.learning.Retirement-CalculatorTests";
				PRODUCT_NAME = "$(TARGET_NAME)";
				SWIFT_EMIT_LOC_STRINGS = NO;
				SWIFT_VERSION = 5.0;
				TARGETED_DEVICE_FAMILY = "1,2";
				TEST_HOST = "$(BUILT_PRODUCTS_DIR)/Retirement Calculator.app/$(BUNDLE_EXECUTABLE_FOLDER_PATH)/Retirement Calculator";
			};
			name = Release;
		};
		1307A9D32C6F6B78002A4694 /* Debug */ = {
			isa = XCBuildConfiguration;
			baseConfigurationReference = C998DF8D95A3E8738BC81790 /* Pods-Retirement Calculator-Retirement CalculatorUITests.debug.xcconfig */;
			buildSettings = {
				ALWAYS_EMBED_SWIFT_STANDARD_LIBRARIES = YES;
				CODE_SIGN_STYLE = Automatic;
				CURRENT_PROJECT_VERSION = 1;
				GENERATE_INFOPLIST_FILE = YES;
				MARKETING_VERSION = 1.0;
				PRODUCT_BUNDLE_IDENTIFIER = "com.learning.Retirement-CalculatorUITests";
				PRODUCT_NAME = "$(TARGET_NAME)";
				SWIFT_EMIT_LOC_STRINGS = NO;
				SWIFT_VERSION = 5.0;
				TARGETED_DEVICE_FAMILY = "1,2";
				TEST_TARGET_NAME = "Retirement Calculator";
			};
			name = Debug;
		};
		1307A9D42C6F6B78002A4694 /* Release */ = {
			isa = XCBuildConfiguration;
			baseConfigurationReference = 31CF70A6BB59B9C2A94B53A0 /* Pods-Retirement Calculator-Retirement CalculatorUITests.release.xcconfig */;
			buildSettings = {
				ALWAYS_EMBED_SWIFT_STANDARD_LIBRARIES = YES;
				CODE_SIGN_STYLE = Automatic;
				CURRENT_PROJECT_VERSION = 1;
				GENERATE_INFOPLIST_FILE = YES;
				MARKETING_VERSION = 1.0;
				PRODUCT_BUNDLE_IDENTIFIER = "com.learning.Retirement-CalculatorUITests";
				PRODUCT_NAME = "$(TARGET_NAME)";
				SWIFT_EMIT_LOC_STRINGS = NO;
				SWIFT_VERSION = 5.0;
				TARGETED_DEVICE_FAMILY = "1,2";
				TEST_TARGET_NAME = "Retirement Calculator";
			};
			name = Release;
		};
/* End XCBuildConfiguration section */

/* Begin XCConfigurationList section */
		1307A99D2C6F6B77002A4694 /* Build configuration list for PBXProject "Retirement Calculator" */ = {
			isa = XCConfigurationList;
			buildConfigurations = (
				1307A9CA2C6F6B78002A4694 /* Debug */,
				1307A9CB2C6F6B78002A4694 /* Release */,
			);
			defaultConfigurationIsVisible = 0;
			defaultConfigurationName = Release;
		};
		1307A9CC2C6F6B78002A4694 /* Build configuration list for PBXNativeTarget "Retirement Calculator" */ = {
			isa = XCConfigurationList;
			buildConfigurations = (
				1307A9CD2C6F6B78002A4694 /* Debug */,
				1307A9CE2C6F6B78002A4694 /* Release */,
			);
			defaultConfigurationIsVisible = 0;
			defaultConfigurationName = Release;
		};
		1307A9CF2C6F6B78002A4694 /* Build configuration list for PBXNativeTarget "Retirement CalculatorTests" */ = {
			isa = XCConfigurationList;
			buildConfigurations = (
				1307A9D02C6F6B78002A4694 /* Debug */,
				1307A9D12C6F6B78002A4694 /* Release */,
			);
			defaultConfigurationIsVisible = 0;
			defaultConfigurationName = Release;
		};
		1307A9D22C6F6B78002A4694 /* Build configuration list for PBXNativeTarget "Retirement CalculatorUITests" */ = {
			isa = XCConfigurationList;
			buildConfigurations = (
				1307A9D32C6F6B78002A4694 /* Debug */,
				1307A9D42C6F6B78002A4694 /* Release */,
			);
			defaultConfigurationIsVisible = 0;
			defaultConfigurationName = Release;
		};
/* End XCConfigurationList section */
	};
	rootObject = 1307A99A2C6F6B77002A4694 /* Project object */;
}
